# THIS IS AN AUTOGENERATED FILE. DO NOT EDIT THIS FILE DIRECTLY.
# yarn lockfile v1


"@material/animation@^12.0.0":
  version "12.0.0"
  resolved "https://registry.yarnpkg.com/@material/animation/-/animation-12.0.0.tgz#755b9528f957f789570a02e55acdbc6667dd7304"
  integrity sha512-PfRHehbW6xrNaAb5RELmyxn9+pGTYwzxUnT43TdmOOTN+J45MRH8c90ZSdczich6gp7tgyTQsd3HtB5yRgBsIA==
  dependencies:
    tslib "^2.1.0"

"@material/auto-init@^12.0.0":
  version "12.0.0"
  resolved "https://registry.yarnpkg.com/@material/auto-init/-/auto-init-12.0.0.tgz#f8ff38cd94b940577f6e64e2bf2457756c906508"
  integrity sha512-DYvyUOzzv6tn3ECQ9xKXu8Nm/FASicIks08pka3IsSRfLQ4eXGo+EYt/ryqYJ6k8WZF2pkGtH/8C82LIF202Yw==
  dependencies:
    "@material/base" "^12.0.0"
    tslib "^2.1.0"

"@material/banner@^12.0.0":
  version "12.0.0"
  resolved "https://registry.yarnpkg.com/@material/banner/-/banner-12.0.0.tgz#dcceb3f8ee82adce251d361b5428e39faa54f23f"
  integrity sha512-VjPsvikIlu0pzo17L47ATmptJIAdi9iEa23TJ5IfxiybTFMhHeupjbjQlOwcBjAIEWKWquRgbLpDf280WRvzzw==
  dependencies:
    "@material/base" "^12.0.0"
    "@material/button" "^12.0.0"
    "@material/dom" "^12.0.0"
    "@material/feature-targeting" "^12.0.0"
    "@material/ripple" "^12.0.0"
    "@material/rtl" "^12.0.0"
    "@material/shape" "^12.0.0"
    "@material/theme" "^12.0.0"
    "@material/typography" "^12.0.0"
    tslib "^2.1.0"

"@material/base@^12.0.0":
  version "12.0.0"
  resolved "https://registry.yarnpkg.com/@material/base/-/base-12.0.0.tgz#7f5a8ee39af63b20326589964b8e97b97553d7b9"
  integrity sha512-LcAQGFhuGM5B9BJQPoDYXhka+gkKvjKN6HdmCpKq55EkUoHeEnbu6IT2MOQjhcULTlQdcdGP77YNNGYdv3fGsA==
  dependencies:
    tslib "^2.1.0"

"@material/button@^12.0.0":
  version "12.0.0"
  resolved "https://registry.yarnpkg.com/@material/button/-/button-12.0.0.tgz#4e9fbea89dd23813f5f90ec2d224a69d3f55471a"
  integrity sha512-+Vo9+9nsMy8XZUC4E4CDxmjPAAGCogoIskQSduceuZf8Zdoxy3mQfmmQqWaxtBieXJScybpQyw55RRC3MWu6fg==
  dependencies:
    "@material/density" "^12.0.0"
    "@material/dom" "^12.0.0"
    "@material/elevation" "^12.0.0"
    "@material/feature-targeting" "^12.0.0"
    "@material/ripple" "^12.0.0"
    "@material/rtl" "^12.0.0"
    "@material/shape" "^12.0.0"
    "@material/theme" "^12.0.0"
    "@material/tokens" "^12.0.0"
    "@material/touch-target" "^12.0.0"
    "@material/typography" "^12.0.0"
    tslib "^2.1.0"

"@material/card@^12.0.0":
  version "12.0.0"
  resolved "https://registry.yarnpkg.com/@material/card/-/card-12.0.0.tgz#ae24dcbab4b59792227148aa3da375f5bf971130"
  integrity sha512-qOzXAKTF/iV/t+HT8KmG2rfB4Otcd3z7e3mxdnnmZKb1tCxAkoKLnwJWDuPayySWN7x17Dqjl29Sr23i6YxLdw==
  dependencies:
    "@material/dom" "^12.0.0"
    "@material/elevation" "^12.0.0"
    "@material/feature-targeting" "^12.0.0"
    "@material/ripple" "^12.0.0"
    "@material/rtl" "^12.0.0"
    "@material/shape" "^12.0.0"
    "@material/theme" "^12.0.0"
    tslib "^2.1.0"

"@material/checkbox@^12.0.0":
  version "12.0.0"
  resolved "https://registry.yarnpkg.com/@material/checkbox/-/checkbox-12.0.0.tgz#0d822fd6e15e5fe6c7c16c7d1238602b18a03b1e"
  integrity sha512-lYPhS+6la2f6E8xsmAQtTCb6gKFqlSPMzvlnf/2+BS6P9iOracRYcWeO9jeze60m0gFiF8rk4Y1Z32Mkx7yPQw==
  dependencies:
    "@material/animation" "^12.0.0"
    "@material/base" "^12.0.0"
    "@material/density" "^12.0.0"
    "@material/dom" "^12.0.0"
    "@material/feature-targeting" "^12.0.0"
    "@material/ripple" "^12.0.0"
    "@material/theme" "^12.0.0"
    "@material/touch-target" "^12.0.0"
    tslib "^2.1.0"

"@material/chips@^12.0.0":
  version "12.0.0"
  resolved "https://registry.yarnpkg.com/@material/chips/-/chips-12.0.0.tgz#4f92f650c52d09e069446711aca1ec5fdb257dcd"
  integrity sha512-I+OustjFSkJDq2AXg909UXcf4SGCRItmE4s742gKIjDFxzpTKk1ualbWAh/S3n7Q3JzCVD5P34tuJnOB+OddfA==
  dependencies:
    "@material/animation" "^12.0.0"
    "@material/base" "^12.0.0"
    "@material/checkbox" "^12.0.0"
    "@material/density" "^12.0.0"
    "@material/dom" "^12.0.0"
    "@material/elevation" "^12.0.0"
    "@material/feature-targeting" "^12.0.0"
    "@material/ripple" "^12.0.0"
    "@material/rtl" "^12.0.0"
    "@material/shape" "^12.0.0"
    "@material/theme" "^12.0.0"
    "@material/touch-target" "^12.0.0"
    "@material/typography" "^12.0.0"
    tslib "^2.1.0"

"@material/circular-progress@^12.0.0":
  version "12.0.0"
  resolved "https://registry.yarnpkg.com/@material/circular-progress/-/circular-progress-12.0.0.tgz#45106ae2e11914212d5611784515c38db4e5f60b"
  integrity sha512-3Xi5la6UTS0KhYzxVDqRjQ7uxqeci+MjH8w+0yMoIsw9/gdtZ5S4dYQ0U8/FaWBTzW6nmGxI4zQ3Q0ySFpGRgA==
  dependencies:
    "@material/animation" "^12.0.0"
    "@material/base" "^12.0.0"
    "@material/feature-targeting" "^12.0.0"
    "@material/progress-indicator" "^12.0.0"
    "@material/theme" "^12.0.0"
    tslib "^2.1.0"

"@material/data-table@^12.0.0":
  version "12.0.0"
  resolved "https://registry.yarnpkg.com/@material/data-table/-/data-table-12.0.0.tgz#a68ae28ee86019ad5e74857eccba412fb7eed34c"
  integrity sha512-bJVQqJLWhqiutgPssm3CcstUv/pKc2xLCjI4WXAE64Y0N9Dv7AvwScK6/1nnr6+GR10ky3xoMeGHIElBhLeRsg==
  dependencies:
    "@material/animation" "^12.0.0"
    "@material/base" "^12.0.0"
    "@material/checkbox" "^12.0.0"
    "@material/density" "^12.0.0"
    "@material/dom" "^12.0.0"
    "@material/elevation" "^12.0.0"
    "@material/feature-targeting" "^12.0.0"
    "@material/icon-button" "^12.0.0"
    "@material/linear-progress" "^12.0.0"
    "@material/list" "^12.0.0"
    "@material/menu" "^12.0.0"
    "@material/rtl" "^12.0.0"
    "@material/select" "^12.0.0"
    "@material/shape" "^12.0.0"
    "@material/theme" "^12.0.0"
    "@material/touch-target" "^12.0.0"
    "@material/typography" "^12.0.0"
    tslib "^2.1.0"

"@material/density@^12.0.0":
  version "12.0.0"
  resolved "https://registry.yarnpkg.com/@material/density/-/density-12.0.0.tgz#badb014ea90968a603f2042287e8974d6caa814b"
  integrity sha512-7kWsFPiiTcw5FKdm6zvMp3ygLhHINXMScrUcRTW9RoIzC6EgWrzF/UC1XEt48Yg4Ux6K/98QJ4B53CoVv1Z/OQ==
  dependencies:
    tslib "^2.1.0"

"@material/dialog@^12.0.0":
  version "12.0.0"
  resolved "https://registry.yarnpkg.com/@material/dialog/-/dialog-12.0.0.tgz#a6135f9020ebaa1a22739f4ea528b7a90a40f0cb"
  integrity sha512-LusDwYTmZwmHEIFmoL0LC0W/uotHgGxbvXZY30BUF33IgxKc7e/NC9Tr8nmEAHLfVpaInusEn9bqPckvKfyD+w==
  dependencies:
    "@material/animation" "^12.0.0"
    "@material/base" "^12.0.0"
    "@material/button" "^12.0.0"
    "@material/dom" "^12.0.0"
    "@material/elevation" "^12.0.0"
    "@material/feature-targeting" "^12.0.0"
    "@material/icon-button" "^12.0.0"
    "@material/ripple" "^12.0.0"
    "@material/rtl" "^12.0.0"
    "@material/shape" "^12.0.0"
    "@material/theme" "^12.0.0"
    "@material/touch-target" "^12.0.0"
    "@material/typography" "^12.0.0"
    tslib "^2.1.0"

"@material/dom@^12.0.0":
  version "12.0.0"
  resolved "https://registry.yarnpkg.com/@material/dom/-/dom-12.0.0.tgz#fd6c5e37384580af403ad5e37dcd9257e480205d"
  integrity sha512-vaQi+bNMv3UMSG2wwMEYen36Or32XY/djGmes5KRi8TxDBzAH9HNuE9CxYBrZqYzYFrAIfvXyEIZhlhY+3WLlg==
  dependencies:
    "@material/feature-targeting" "^12.0.0"
    tslib "^2.1.0"

"@material/drawer@^12.0.0":
  version "12.0.0"
  resolved "https://registry.yarnpkg.com/@material/drawer/-/drawer-12.0.0.tgz#1ac540b1e597a03192f9c775e964e1da0d96c365"
  integrity sha512-gQBowi3Zdmfa6w/HboCkM64h2APLndVccV9Ub6a4AVpheOtzzfJgS+WlTadwSKjcabL0AzJ4U7itecz6FvespQ==
  dependencies:
    "@material/animation" "^12.0.0"
    "@material/base" "^12.0.0"
    "@material/dom" "^12.0.0"
    "@material/elevation" "^12.0.0"
    "@material/feature-targeting" "^12.0.0"
    "@material/list" "^12.0.0"
    "@material/ripple" "^12.0.0"
    "@material/rtl" "^12.0.0"
    "@material/shape" "^12.0.0"
    "@material/theme" "^12.0.0"
    "@material/typography" "^12.0.0"
    tslib "^2.1.0"

"@material/elevation@^12.0.0":
  version "12.0.0"
  resolved "https://registry.yarnpkg.com/@material/elevation/-/elevation-12.0.0.tgz#6c87f0eca516582c1331c58739b92625fec491d9"
  integrity sha512-PWTACGNus2cdNL6V6+AhT3tC+YKyP2ujQn+izXNGXLXFc/FHk+lHLvwwr71D7bApy2hPMndHJ4DtF36qfAM1tw==
  dependencies:
    "@material/animation" "^12.0.0"
    "@material/base" "^12.0.0"
    "@material/feature-targeting" "^12.0.0"
    "@material/theme" "^12.0.0"
    tslib "^2.1.0"

"@material/fab@^12.0.0":
  version "12.0.0"
  resolved "https://registry.yarnpkg.com/@material/fab/-/fab-12.0.0.tgz#32f5cb2f5cd5dc42bd88a91683dd93eedab80a31"
  integrity sha512-6XfU+ZcNej2+eO0TFIyo1eYHEyvGYCSxlgO0P1gXavPNKyGLxkGhQREendxlc1XyAVw2yvAPzrtx3puc/xMd0A==
  dependencies:
    "@material/animation" "^12.0.0"
    "@material/dom" "^12.0.0"
    "@material/elevation" "^12.0.0"
    "@material/feature-targeting" "^12.0.0"
    "@material/ripple" "^12.0.0"
    "@material/rtl" "^12.0.0"
    "@material/shape" "^12.0.0"
    "@material/theme" "^12.0.0"
    "@material/tokens" "^12.0.0"
    "@material/touch-target" "^12.0.0"
    "@material/typography" "^12.0.0"
    tslib "^2.1.0"

"@material/feature-targeting@^12.0.0":
  version "12.0.0"
  resolved "https://registry.yarnpkg.com/@material/feature-targeting/-/feature-targeting-12.0.0.tgz#ae3f6b04f7c5262ce991bfb3fc3226564b196686"
  integrity sha512-BbdYzZmGg886X3gvKPxfM5etNwhmKR4PT33NRc7PTKivCHitre8zjgb7kKW1vRLV4YnB54sp9L7tr/QcbbbXGg==
  dependencies:
    tslib "^2.1.0"

"@material/floating-label@^12.0.0":
  version "12.0.0"
  resolved "https://registry.yarnpkg.com/@material/floating-label/-/floating-label-12.0.0.tgz#7f89b4b3d866df301f316c9695debf426d5347b9"
  integrity sha512-bOJNxSP8Jd/AJtrMC+1R6azjDWAUsA+4DpYj0TFEKM8s7LS4vulETs+9PoJh++K68haWpkb+Qks1Pa8Vb1F+Vw==
  dependencies:
    "@material/animation" "^12.0.0"
    "@material/base" "^12.0.0"
    "@material/dom" "^12.0.0"
    "@material/feature-targeting" "^12.0.0"
    "@material/rtl" "^12.0.0"
    "@material/theme" "^12.0.0"
    "@material/typography" "^12.0.0"
    tslib "^2.1.0"

"@material/form-field@^12.0.0":
  version "12.0.0"
  resolved "https://registry.yarnpkg.com/@material/form-field/-/form-field-12.0.0.tgz#866b91437f15f32bc484957aac801af65ef1f143"
  integrity sha512-es28doVewEhvh/sV1OqJNFpH+vVLRZyGLh5QvqxfGOmozcUb56nQbSAUrOwlK+ZINwdy0fLkZLJvUu8C9H33kg==
  dependencies:
    "@material/base" "^12.0.0"
    "@material/feature-targeting" "^12.0.0"
    "@material/ripple" "^12.0.0"
    "@material/rtl" "^12.0.0"
    "@material/theme" "^12.0.0"
    "@material/typography" "^12.0.0"
    tslib "^2.1.0"

"@material/icon-button@^12.0.0":
  version "12.0.0"
  resolved "https://registry.yarnpkg.com/@material/icon-button/-/icon-button-12.0.0.tgz#ed03ab2cd3b654b69c47d25d8b14b8d7d55acbf3"
  integrity sha512-W4lhJWbrT1FGzgBtwqz9MAFyAnx+wQztV0m5XXncDzfjVgfGaXsW/AYEuVijJEFOvIMGbkcszSkjGIOc1T3tXA==
  dependencies:
    "@material/base" "^12.0.0"
    "@material/density" "^12.0.0"
    "@material/feature-targeting" "^12.0.0"
    "@material/ripple" "^12.0.0"
    "@material/rtl" "^12.0.0"
    "@material/theme" "^12.0.0"
    "@material/touch-target" "^12.0.0"
    tslib "^2.1.0"

"@material/image-list@^12.0.0":
  version "12.0.0"
  resolved "https://registry.yarnpkg.com/@material/image-list/-/image-list-12.0.0.tgz#4a949431a35c5096b48029f35bb48c8c05a1ae36"
  integrity sha512-njtPGXP5GjpLsQsU+/BWRerkAGXEWrp39ioBGBHp+pD+JvCvxLQoRwsWWLPKLJtk5RrbI4U64d9UTbMHm/a1NA==
  dependencies:
    "@material/feature-targeting" "^12.0.0"
    "@material/shape" "^12.0.0"
    "@material/theme" "^12.0.0"
    "@material/typography" "^12.0.0"
    tslib "^2.1.0"

"@material/layout-grid@^12.0.0":
  version "12.0.0"
  resolved "https://registry.yarnpkg.com/@material/layout-grid/-/layout-grid-12.0.0.tgz#b1ae68cf1854cd39d71aa7bdaf486441bb521915"
  integrity sha512-bPIIEL+Ka7hixX0/d+yUK4juyQ0GcYxbT1EGWs1JzmZUzMOfzfNQqsrbo2sIQeN4tSou3wiUgSXsI1/3U+V3tQ==
  dependencies:
    tslib "^2.1.0"

"@material/line-ripple@^12.0.0":
  version "12.0.0"
  resolved "https://registry.yarnpkg.com/@material/line-ripple/-/line-ripple-12.0.0.tgz#f5b9e05b5a44835b50e5808a2597bba1ca0703f7"
  integrity sha512-W18BuAcjTzGfjmfgoyQmxEsXz/D+65tX3H7PTsudEoacxby6BdCNVJWwyRCOSGrzVjmETeNbqHf32oAZgApWXg==
  dependencies:
    "@material/animation" "^12.0.0"
    "@material/base" "^12.0.0"
    "@material/feature-targeting" "^12.0.0"
    "@material/theme" "^12.0.0"
    tslib "^2.1.0"

"@material/linear-progress@^12.0.0":
  version "12.0.0"
  resolved "https://registry.yarnpkg.com/@material/linear-progress/-/linear-progress-12.0.0.tgz#eee7e35a3cb688d46a563a95802976a557b10008"
  integrity sha512-I4Z5fuvddsh8XysnvjK7RnRORN+xIreoWwo8hcPnqN0fgM0NXGFIoRTq2NZi1t1qR+ZvmVgJciNKBg2y/ySqMQ==
  dependencies:
    "@material/animation" "^12.0.0"
    "@material/base" "^12.0.0"
    "@material/feature-targeting" "^12.0.0"
    "@material/progress-indicator" "^12.0.0"
    "@material/rtl" "^12.0.0"
    "@material/theme" "^12.0.0"
    tslib "^2.1.0"

"@material/list@^12.0.0":
  version "12.0.0"
  resolved "https://registry.yarnpkg.com/@material/list/-/list-12.0.0.tgz#e96f5b4dfbf731de398f5301bc2e2db59102150b"
  integrity sha512-XV4YbvC+1XP6XgJ9Cj5PVDcu+so6uISeUFSbsdAdD4UDWEYpVtnZiGU9AMzn8e4VXzNVGLOR5Fn1XqX6byWTVg==
  dependencies:
    "@material/base" "^12.0.0"
    "@material/density" "^12.0.0"
    "@material/dom" "^12.0.0"
    "@material/feature-targeting" "^12.0.0"
    "@material/ripple" "^12.0.0"
    "@material/rtl" "^12.0.0"
    "@material/shape" "^12.0.0"
    "@material/theme" "^12.0.0"
    "@material/typography" "^12.0.0"
    tslib "^2.1.0"

"@material/menu-surface@^12.0.0":
  version "12.0.0"
  resolved "https://registry.yarnpkg.com/@material/menu-surface/-/menu-surface-12.0.0.tgz#9d54d0537a129b15e5334e6dd4a3309bcba7a102"
  integrity sha512-9+DIE1Pfz8uw5kZ5tgvv4T/yog7TOumQMCh6ifMN9m7xqRwxb4TKVC7JBku4m5JPj5ajhZzT2skX0SWDgWJaug==
  dependencies:
    "@material/animation" "^12.0.0"
    "@material/base" "^12.0.0"
    "@material/elevation" "^12.0.0"
    "@material/feature-targeting" "^12.0.0"
    "@material/rtl" "^12.0.0"
    "@material/shape" "^12.0.0"
    "@material/theme" "^12.0.0"
    tslib "^2.1.0"

"@material/menu@^12.0.0":
  version "12.0.0"
  resolved "https://registry.yarnpkg.com/@material/menu/-/menu-12.0.0.tgz#d18c3ae06ffbfb3279d393002dba81a6cbf47495"
  integrity sha512-ZXySzEjMbvQQi64i75kpZDZNiCIVdomxw7QwnPkdD4hxElce+8cSTOalW4nTntg6lA+4utTc8zMIMvxugkrGJA==
  dependencies:
    "@material/base" "^12.0.0"
    "@material/dom" "^12.0.0"
    "@material/elevation" "^12.0.0"
    "@material/feature-targeting" "^12.0.0"
    "@material/list" "^12.0.0"
    "@material/menu-surface" "^12.0.0"
    "@material/ripple" "^12.0.0"
    "@material/rtl" "^12.0.0"
    "@material/theme" "^12.0.0"
    tslib "^2.1.0"

"@material/notched-outline@^12.0.0":
  version "12.0.0"
  resolved "https://registry.yarnpkg.com/@material/notched-outline/-/notched-outline-12.0.0.tgz#ff674dc0b7a746588f5d5df5096f331268eceb20"
  integrity sha512-dPtsOh2acyvv/o6daxw0mJSvns8dcqPiL2KO9h23YD81/zM8Mon7Ui7ii84+pOFLnh6JiszMNatGxdlL+dv8RQ==
  dependencies:
    "@material/base" "^12.0.0"
    "@material/feature-targeting" "^12.0.0"
    "@material/floating-label" "^12.0.0"
    "@material/rtl" "^12.0.0"
    "@material/shape" "^12.0.0"
    "@material/theme" "^12.0.0"
    tslib "^2.1.0"

"@material/progress-indicator@^12.0.0":
  version "12.0.0"
  resolved "https://registry.yarnpkg.com/@material/progress-indicator/-/progress-indicator-12.0.0.tgz#fa2a5b61ac61bbb405c6bee7c9e8b3be8b9a34c5"
  integrity sha512-YIY5g3uMpD0W9ivA4FrzRZWM59hgXniJ1KmlHmRSJYzunNqAuX16bAc+lraz6EvFMwIrib0CbHUn6rsUnJBTkg==
  dependencies:
    tslib "^2.1.0"

"@material/radio@^12.0.0":
  version "12.0.0"
  resolved "https://registry.yarnpkg.com/@material/radio/-/radio-12.0.0.tgz#a37f7baa98534fc2df64140afae03feb1a968bfb"
  integrity sha512-9HCGS0nxsz4Cvg5TCYv8PcAhVPYllXrS7JxG3y2e3rcrvphKuae7XOG4jvxzHJfI2H5GyvolS6GWRmXUGLgz3Q==
  dependencies:
    "@material/animation" "^12.0.0"
    "@material/base" "^12.0.0"
    "@material/density" "^12.0.0"
    "@material/dom" "^12.0.0"
    "@material/feature-targeting" "^12.0.0"
    "@material/ripple" "^12.0.0"
    "@material/theme" "^12.0.0"
    "@material/touch-target" "^12.0.0"
    tslib "^2.1.0"

"@material/ripple@^12.0.0":
  version "12.0.0"
  resolved "https://registry.yarnpkg.com/@material/ripple/-/ripple-12.0.0.tgz#0a61f6b49e58290dd06c3058574d1e52503f4d5b"
  integrity sha512-gxtbZHeRnE93KwkT1oTU07ap3mOJpbLDY7Edlybd4ZF9ar8Pyj0245rf5MKagubzgNBFzOESDEsIjuCfLV1cUw==
  dependencies:
    "@material/animation" "^12.0.0"
    "@material/base" "^12.0.0"
    "@material/dom" "^12.0.0"
    "@material/feature-targeting" "^12.0.0"
    "@material/theme" "^12.0.0"
    tslib "^2.1.0"

"@material/rtl@^12.0.0":
  version "12.0.0"
  resolved "https://registry.yarnpkg.com/@material/rtl/-/rtl-12.0.0.tgz#f095701fe78306ab637d70ce0e45fd691486d765"
  integrity sha512-JmFyyWr2GFa1ODSsq0jaImj6NprDpts3L3riyvsTQVnJDDKyJwYkyjFbssuIqB9wO3IfVPj5JyTKNoTLraW7dA==
  dependencies:
    "@material/theme" "^12.0.0"
    tslib "^2.1.0"

"@material/segmented-button@^12.0.0":
  version "12.0.0"
  resolved "https://registry.yarnpkg.com/@material/segmented-button/-/segmented-button-12.0.0.tgz#b2cf56d048e6b54fd92de630127d4cab7cbcdd89"
  integrity sha512-2Rlpvr/zPyGEo/C9yp/Fh66PXt7rb57spEyNXKv02h0ls1CAZOZFa8b2hfDMujMQqObUoXDGlBlaoO19bq0lMA==
  dependencies:
    "@material/base" "^12.0.0"
    "@material/elevation" "^12.0.0"
    "@material/feature-targeting" "^12.0.0"
    "@material/ripple" "^12.0.0"
    "@material/theme" "^12.0.0"
    "@material/touch-target" "^12.0.0"
    "@material/typography" "^12.0.0"
    tslib "^2.1.0"

"@material/select@^12.0.0":
  version "12.0.0"
  resolved "https://registry.yarnpkg.com/@material/select/-/select-12.0.0.tgz#10982b354e4e899f5465acc4da16e159f17679a2"
  integrity sha512-djdR9F7AwzoLpaQza1CHwJDx4xyxha8kiQMw8aNeAxE5ob/RlU2iKOg+8HD+0yH8iHZK8PYpUbnCttiQcHakuw==
  dependencies:
    "@material/animation" "^12.0.0"
    "@material/base" "^12.0.0"
    "@material/density" "^12.0.0"
    "@material/dom" "^12.0.0"
    "@material/feature-targeting" "^12.0.0"
    "@material/floating-label" "^12.0.0"
    "@material/line-ripple" "^12.0.0"
    "@material/list" "^12.0.0"
    "@material/menu" "^12.0.0"
    "@material/menu-surface" "^12.0.0"
    "@material/notched-outline" "^12.0.0"
    "@material/ripple" "^12.0.0"
    "@material/rtl" "^12.0.0"
    "@material/shape" "^12.0.0"
    "@material/theme" "^12.0.0"
    "@material/typography" "^12.0.0"
    tslib "^2.1.0"

"@material/shape@^12.0.0":
  version "12.0.0"
  resolved "https://registry.yarnpkg.com/@material/shape/-/shape-12.0.0.tgz#903cd4d38fc98f7c0435322261351f387e258850"
  integrity sha512-0mvRUPq2esbyivJl3NMdYtHTFOV7EOU+Tob2Y6F2sQ+PJJYpONfEHRo8nakN7fDM3aNSuQUdhG3nbwJghAN1IA==
  dependencies:
    "@material/feature-targeting" "^12.0.0"
    "@material/rtl" "^12.0.0"
    "@material/theme" "^12.0.0"
    tslib "^2.1.0"

"@material/slider@^12.0.0":
  version "12.0.0"
  resolved "https://registry.yarnpkg.com/@material/slider/-/slider-12.0.0.tgz#61222e809280c76702c1e122035af606e14c04ba"
  integrity sha512-B02xWlGzTEgR1j350OgxbC3S5Nt/hCOHl4zvd1uDwF0fnbgKQkL5+tFVHJkK8DDX54f/S5TVeKk3xgYJmE+/NA==
  dependencies:
    "@material/animation" "^12.0.0"
    "@material/base" "^12.0.0"
    "@material/dom" "^12.0.0"
    "@material/elevation" "^12.0.0"
    "@material/feature-targeting" "^12.0.0"
    "@material/ripple" "^12.0.0"
    "@material/rtl" "^12.0.0"
    "@material/theme" "^12.0.0"
    "@material/typography" "^12.0.0"
    tslib "^2.1.0"

"@material/snackbar@^12.0.0":
  version "12.0.0"
  resolved "https://registry.yarnpkg.com/@material/snackbar/-/snackbar-12.0.0.tgz#2ea2fcbfd3493eb366a17347bdc34653b1a76fab"
  integrity sha512-n3GhuOhFvP8R2fDu5hu1nOgVS7N7wIgTtJ7+cLzSJRsk3ph6D/juPKnWusO+ddjdwLtjVpIoC+jSsE9JKeQW8A==
  dependencies:
    "@material/animation" "^12.0.0"
    "@material/base" "^12.0.0"
    "@material/button" "^12.0.0"
    "@material/dom" "^12.0.0"
    "@material/elevation" "^12.0.0"
    "@material/feature-targeting" "^12.0.0"
    "@material/icon-button" "^12.0.0"
    "@material/ripple" "^12.0.0"
    "@material/rtl" "^12.0.0"
    "@material/shape" "^12.0.0"
    "@material/theme" "^12.0.0"
    "@material/typography" "^12.0.0"
    tslib "^2.1.0"

"@material/switch@^12.0.0":
  version "12.0.0"
  resolved "https://registry.yarnpkg.com/@material/switch/-/switch-12.0.0.tgz#6911b9c500b56f9689e598471e0912329af31014"
  integrity sha512-8h3UICmTVTObLfvUsbfyKRSj88pIXv2EzbB8MQO7rKDEUZtP/Nws/t/+HG2zm2UeXqxBOn96qS4ucKzgxlzPtA==
  dependencies:
    "@material/animation" "^12.0.0"
    "@material/base" "^12.0.0"
    "@material/density" "^12.0.0"
    "@material/dom" "^12.0.0"
    "@material/elevation" "^12.0.0"
    "@material/feature-targeting" "^12.0.0"
    "@material/ripple" "^12.0.0"
    "@material/rtl" "^12.0.0"
    "@material/shape" "^12.0.0"
    "@material/theme" "^12.0.0"
    "@material/tokens" "^12.0.0"
    tslib "^2.1.0"

"@material/tab-bar@^12.0.0":
  version "12.0.0"
  resolved "https://registry.yarnpkg.com/@material/tab-bar/-/tab-bar-12.0.0.tgz#b37db9e12bfb3cb01569ed51593d2e6939f5b80b"
  integrity sha512-lfA2RUZo0kwKqc5Pm07n6E1Liqr0pi9EATmmsqswFphIqfKu+ODqgS0o6OAekmeFL5Mny+kJuAOh6i1l1sT8Ug==
  dependencies:
    "@material/animation" "^12.0.0"
    "@material/base" "^12.0.0"
    "@material/density" "^12.0.0"
    "@material/elevation" "^12.0.0"
    "@material/feature-targeting" "^12.0.0"
    "@material/tab" "^12.0.0"
    "@material/tab-indicator" "^12.0.0"
    "@material/tab-scroller" "^12.0.0"
    "@material/theme" "^12.0.0"
    "@material/typography" "^12.0.0"
    tslib "^2.1.0"

"@material/tab-indicator@^12.0.0":
  version "12.0.0"
  resolved "https://registry.yarnpkg.com/@material/tab-indicator/-/tab-indicator-12.0.0.tgz#b80ee5fa49a15c4af64814c943fb0e9426aa9625"
  integrity sha512-PAW2n8d1JOUn0OpUAZx8KkH7Oiv1EaZq1fOapk9t4shPruzmrvzDrJ4omN82FhCf5z873EPNzgPa6fD+Rg5pjg==
  dependencies:
    "@material/animation" "^12.0.0"
    "@material/base" "^12.0.0"
    "@material/feature-targeting" "^12.0.0"
    "@material/theme" "^12.0.0"
    tslib "^2.1.0"

"@material/tab-scroller@^12.0.0":
  version "12.0.0"
  resolved "https://registry.yarnpkg.com/@material/tab-scroller/-/tab-scroller-12.0.0.tgz#94cf91dd5f4bf5a9938f0fdacdcb5560edb9880b"
  integrity sha512-t/4b9/xJHJBx/qINzOaxn5JKBMoz5NG2FeLeSX4SkigExeVWyAGY+SSw5u/aeVi1BJzXQpsAX2ypbVTgiIMdxw==
  dependencies:
    "@material/animation" "^12.0.0"
    "@material/base" "^12.0.0"
    "@material/dom" "^12.0.0"
    "@material/feature-targeting" "^12.0.0"
    "@material/tab" "^12.0.0"
    tslib "^2.1.0"

"@material/tab@^12.0.0":
  version "12.0.0"
  resolved "https://registry.yarnpkg.com/@material/tab/-/tab-12.0.0.tgz#e50a0da245a545f2b499afd4169417ad66917176"
  integrity sha512-KMJ2Zi5aGzrE6tvs829JppauvZvETweQP6IKBx/vQUXIltIlRirZ5Qb29+zwYABEz1+CxLzQkd1a9XXqHQNNQA==
  dependencies:
    "@material/base" "^12.0.0"
    "@material/elevation" "^12.0.0"
    "@material/feature-targeting" "^12.0.0"
    "@material/ripple" "^12.0.0"
    "@material/rtl" "^12.0.0"
    "@material/tab-indicator" "^12.0.0"
    "@material/theme" "^12.0.0"
    "@material/typography" "^12.0.0"
    tslib "^2.1.0"

"@material/textfield@^12.0.0":
  version "12.0.0"
  resolved "https://registry.yarnpkg.com/@material/textfield/-/textfield-12.0.0.tgz#e0679237e41091553e25774912998b8c38289fae"
  integrity sha512-YucSKbII4XOhzGbteFzGpPcbl+XQ2+87bm+iJYg2vpiVRGcstEVWceuK99pv0jXm9eXflDu2vBJV620azmeBQg==
  dependencies:
    "@material/animation" "^12.0.0"
    "@material/base" "^12.0.0"
    "@material/density" "^12.0.0"
    "@material/dom" "^12.0.0"
    "@material/feature-targeting" "^12.0.0"
    "@material/floating-label" "^12.0.0"
    "@material/line-ripple" "^12.0.0"
    "@material/notched-outline" "^12.0.0"
    "@material/ripple" "^12.0.0"
    "@material/rtl" "^12.0.0"
    "@material/shape" "^12.0.0"
    "@material/theme" "^12.0.0"
    "@material/typography" "^12.0.0"
    tslib "^2.1.0"

"@material/theme@^12.0.0":
  version "12.0.0"
  resolved "https://registry.yarnpkg.com/@material/theme/-/theme-12.0.0.tgz#51c11892fd8e6fa244d2b14a8432d14146f1cc68"
  integrity sha512-E9gFLpOcwtJ2GiPg8S4w+9eaqFNgLO67Yyftcu1XgswAHBFiI7qAHTDYH21H4W88RKlf3sTNyHtzigbTenPUNg==
  dependencies:
    "@material/feature-targeting" "^12.0.0"
    tslib "^2.1.0"

"@material/tokens@^12.0.0":
  version "12.0.0"
  resolved "https://registry.yarnpkg.com/@material/tokens/-/tokens-12.0.0.tgz#b687d66bca5ef8f3a5f238d7e86a5deac467db1b"
  integrity sha512-yD8G+YvNsFt9+CGzUPWvy18Bn3a8+9eRSf95j7WZjBN2vEPCpOK5dInCLOfYDq/9a61K4Nlg39KomZNC7nyAtQ==
  dependencies:
    "@material/elevation" "^12.0.0"

"@material/tooltip@^12.0.0":
  version "12.0.0"
  resolved "https://registry.yarnpkg.com/@material/tooltip/-/tooltip-12.0.0.tgz#d74383b42cc6eb489bfe4b09ba1062a19e8e2f1f"
  integrity sha512-YpXlidnWbymm5WdbteU4dSb+hdRMCrgsn1gO6xZ2HXfyiKX+2oqWvMZoSHMnCEc7oUvQteKybKrtD94T7CUeoA==
  dependencies:
    "@material/animation" "^12.0.0"
    "@material/base" "^12.0.0"
    "@material/dom" "^12.0.0"
    "@material/elevation" "^12.0.0"
    "@material/feature-targeting" "^12.0.0"
    "@material/rtl" "^12.0.0"
    "@material/shape" "^12.0.0"
    "@material/theme" "^12.0.0"
    "@material/typography" "^12.0.0"
    tslib "^2.1.0"

"@material/top-app-bar@^12.0.0":
  version "12.0.0"
  resolved "https://registry.yarnpkg.com/@material/top-app-bar/-/top-app-bar-12.0.0.tgz#37e8a3107fb681dcee39c79f26f836d8cfc4a1fa"
  integrity sha512-myk8hnpKgvtns42v03syyFKRKo5L3T69bg19QvJWkju1S5M1T8fppUFWkckubI4wZ6wh+ccRigyGxwWbp0hdfw==
  dependencies:
    "@material/animation" "^12.0.0"
    "@material/base" "^12.0.0"
    "@material/elevation" "^12.0.0"
    "@material/ripple" "^12.0.0"
    "@material/rtl" "^12.0.0"
    "@material/shape" "^12.0.0"
    "@material/theme" "^12.0.0"
    "@material/typography" "^12.0.0"
    tslib "^2.1.0"

"@material/touch-target@^12.0.0":
  version "12.0.0"
  resolved "https://registry.yarnpkg.com/@material/touch-target/-/touch-target-12.0.0.tgz#dd7e13e3f426ba7a710be25fd11c4d5d8398d236"
  integrity sha512-DArz1xm00iI6adyhBEFR+g2xmS6Jh5jMI1692YsjiL09lgXTvQwVbXCsp1FtHK21D+/KoblaT0L9sfBgnP2sAQ==
  dependencies:
    "@material/base" "^12.0.0"
    "@material/feature-targeting" "^12.0.0"
    tslib "^2.1.0"

"@material/typography@^12.0.0":
  version "12.0.0"
  resolved "https://registry.yarnpkg.com/@material/typography/-/typography-12.0.0.tgz#9c14c82872e5fb02d485f387ca0b7aa310ad78da"
  integrity sha512-NIAczsiUueV445+686qdVQC0QohIJDIOyVWbdNKnhkUmo23FcINLEcDMAtpvS0CJyqSHm8uWq1R585Wbx2kvdQ==
  dependencies:
    "@material/feature-targeting" "^12.0.0"
    "@material/theme" "^12.0.0"
    tslib "^2.1.0"

material-components-web@12.0.0:
  version "12.0.0"
  resolved "https://registry.yarnpkg.com/material-components-web/-/material-components-web-12.0.0.tgz#7b09fe9537b2133027e621debe1e9f7ae7416421"
  integrity sha512-gb4H86UvBOxXSo1OZuzehW1sbGrDBo6P97cTOj+v+xbuKmRRXZVfYeeq1vIMZWC165gx+q2+rvHthhpk1KWM9A==
  dependencies:
    "@material/animation" "^12.0.0"
    "@material/auto-init" "^12.0.0"
    "@material/banner" "^12.0.0"
    "@material/base" "^12.0.0"
    "@material/button" "^12.0.0"
    "@material/card" "^12.0.0"
    "@material/checkbox" "^12.0.0"
    "@material/chips" "^12.0.0"
    "@material/circular-progress" "^12.0.0"
    "@material/data-table" "^12.0.0"
    "@material/density" "^12.0.0"
    "@material/dialog" "^12.0.0"
    "@material/dom" "^12.0.0"
    "@material/drawer" "^12.0.0"
    "@material/elevation" "^12.0.0"
    "@material/fab" "^12.0.0"
    "@material/feature-targeting" "^12.0.0"
    "@material/floating-label" "^12.0.0"
    "@material/form-field" "^12.0.0"
    "@material/icon-button" "^12.0.0"
    "@material/image-list" "^12.0.0"
    "@material/layout-grid" "^12.0.0"
    "@material/line-ripple" "^12.0.0"
    "@material/linear-progress" "^12.0.0"
    "@material/list" "^12.0.0"
    "@material/menu" "^12.0.0"
    "@material/menu-surface" "^12.0.0"
    "@material/notched-outline" "^12.0.0"
    "@material/radio" "^12.0.0"
    "@material/ripple" "^12.0.0"
    "@material/rtl" "^12.0.0"
    "@material/segmented-button" "^12.0.0"
    "@material/select" "^12.0.0"
    "@material/shape" "^12.0.0"
    "@material/slider" "^12.0.0"
    "@material/snackbar" "^12.0.0"
    "@material/switch" "^12.0.0"
    "@material/tab" "^12.0.0"
    "@material/tab-bar" "^12.0.0"
    "@material/tab-indicator" "^12.0.0"
    "@material/tab-scroller" "^12.0.0"
    "@material/textfield" "^12.0.0"
    "@material/theme" "^12.0.0"
    "@material/tokens" "^12.0.0"
    "@material/tooltip" "^12.0.0"
    "@material/top-app-bar" "^12.0.0"
    "@material/touch-target" "^12.0.0"
    "@material/typography" "^12.0.0"

tslib@^2.1.0, tslib@^2.3.0:
  version "2.3.1"
  resolved "https://registry.yarnpkg.com/tslib/-/tslib-2.3.1.tgz#e8a335add5ceae51aa261d32a490158ef042ef01"
  integrity sha512-77EbyPPpMz+FRFRuAFlWMtmgUWGe9UOG2Z25NqCwiIjRhOf5iKGuzSe5P2w1laq+FkRy4p+PCuVkJSGkzTEKVw==
